PODS:
  - iOSDFULibrary (4.9.0):
    - ZIPFoundation (= 0.9.11)
  - ZIPFoundation (0.9.11)

DEPENDENCIES:
  - iOSDFULibrary (~> 4.9.0)

SPEC REPOS:
  trunk:
    - iOSDFULibrary
    - ZIPFoundation

SPEC CHECKSUMS:
  iOSDFULibrary: 4dc9e1b6ef296c5fbcdff8abca77b54397f10777
  ZIPFoundation: b1f0de4eed33e74a676f76e12559ab6b75990197

PODFILE CHECKSUM: 8a8a30fb6f7cbe93c4c7bd4571a1d8ce16ae6dfb

COCOAPODS: 1.10.1
